{
  "nodes": {
    "nixpkgs": {
      "locked": {
        "lastModified": 0,
        "narHash": "sha256-bbdQB0Y4mB2msqbyQ9QC+YPDZGt1evUK53AwQSyShHM=",
        "path": "/nix/store/7p5k7kcxyfq7yyq0y1q18r160zgjd92w-source",
        "type": "path"
      },
      "original": {
        "id": "nixpkgs",
        "type": "indirect"
      }
    },
    "root": {
      "inputs": {
        "nixpkgs": "nixpkgs"
      }
    }
  },
  "root": "root",
  "version": 7
}
